<?xml version="1.0" encoding="utf-8"?>
<Project ToolsVersion="4.0" xmlns="http://schemas.microsoft.com/developer/msbuild/2003">
  <ItemGroup>
    <Filter Include="win32">
      <UniqueIdentifier>{84a8ebd7-7cf0-47f6-b75e-d441df67da40}</UniqueIdentifier>
    </Filter>
    <Filter Include="resource">
      <UniqueIdentifier>{715254bc-d70b-4ec5-bf29-467dd3ace079}</UniqueIdentifier>
    </Filter>
    <Filter Include="src">
      <UniqueIdentifier>{bb6c862e-70e9-49d9-81b7-3829a6f50471}</UniqueIdentifier>
    </Filter>
    <Filter Include="src\GameScenes">
      <UniqueIdentifier>{87b81059-a9d3-4822-8287-3b8fa1145529}</UniqueIdentifier>
    </Filter>
    <Filter Include="src\GameScenes\BattleSceneLayer">
      <UniqueIdentifier>{848e8069-0ea7-4393-93b6-43c602840879}</UniqueIdentifier>
    </Filter>
    <Filter Include="src\GameScenes\MainSceneLayer">
      <UniqueIdentifier>{45c3e63c-cbd8-490d-862b-79aef4935556}</UniqueIdentifier>
    </Filter>
    <Filter Include="src\GameScenes\ResultSceneLayer">
      <UniqueIdentifier>{46b316db-111a-4e81-acdc-13b8827bb48d}</UniqueIdentifier>
    </Filter>
    <Filter Include="resource\BossCharacter">
      <UniqueIdentifier>{b9a0f478-5ef9-4b2e-88c1-548bfbe74776}</UniqueIdentifier>
    </Filter>
    <Filter Include="resource\PlayerCharacter">
      <UniqueIdentifier>{61450b98-fc5f-4b9a-a2be-563d6af549d7}</UniqueIdentifier>
    </Filter>
    <Filter Include="src\NetworkClasses">
      <UniqueIdentifier>{32b8772e-dcef-4dfa-89e5-03303cdd3ec0}</UniqueIdentifier>
    </Filter>
    <Filter Include="src\ManagerClasses">
      <UniqueIdentifier>{841f1b2c-246f-41a9-af73-df4ce04f1943}</UniqueIdentifier>
    </Filter>
  </ItemGroup>
  <ItemGroup>
    <ClCompile Include="main.cpp">
      <Filter>win32</Filter>
    </ClCompile>
    <ClCompile Include="..\Classes\AppDelegate.cpp">
      <Filter>src</Filter>
    </ClCompile>
    <ClCompile Include="..\Classes\BattleScene.cpp">
      <Filter>src\GameScenes</Filter>
    </ClCompile>
    <ClCompile Include="..\Classes\MainScene.cpp">
      <Filter>src\GameScenes</Filter>
    </ClCompile>
    <ClCompile Include="..\Classes\ResultScene.cpp">
      <Filter>src\GameScenes</Filter>
    </ClCompile>
    <ClCompile Include="..\Classes\BackGroundLayer.cpp">
      <Filter>src\GameScenes\MainSceneLayer</Filter>
    </ClCompile>
    <ClCompile Include="..\Classes\MainUILayer.cpp">
      <Filter>src\GameScenes\MainSceneLayer</Filter>
    </ClCompile>
  </ItemGroup>
  <ItemGroup>
    <ClInclude Include="main.h">
      <Filter>win32</Filter>
    </ClInclude>
    <ClInclude Include="..\Classes\AppDelegate.h">
      <Filter>src</Filter>
    </ClInclude>
    <ClInclude Include="..\Classes\BattleScene.h">
      <Filter>src\GameScenes</Filter>
    </ClInclude>
    <ClInclude Include="..\Classes\MainScene.h">
      <Filter>src\GameScenes</Filter>
    </ClInclude>
    <ClInclude Include="..\Classes\ResultScene.h">
      <Filter>src\GameScenes</Filter>
    </ClInclude>
    <ClInclude Include="..\Classes\BackGroundLayer.h">
      <Filter>src\GameScenes\MainSceneLayer</Filter>
    </ClInclude>
    <ClInclude Include="..\Classes\MainUILayer.h">
      <Filter>src\GameScenes\MainSceneLayer</Filter>
    </ClInclude>
  </ItemGroup>
  <ItemGroup>
    <ResourceCompile Include="game.rc">
      <Filter>resource</Filter>
    </ResourceCompile>
  </ItemGroup>
</Project>