<?xml version="1.0" encoding="utf-8"?>
<Project ToolsVersion="4.0" xmlns="http://schemas.microsoft.com/developer/msbuild/2003">
  <ItemGroup>
    <Filter Include="win32">
      <UniqueIdentifier>{84a8ebd7-7cf0-47f6-b75e-d441df67da40}</UniqueIdentifier>
    </Filter>
    <Filter Include="resource">
      <UniqueIdentifier>{715254bc-d70b-4ec5-bf29-467dd3ace079}</UniqueIdentifier>
    </Filter>
    <Filter Include="src">
      <UniqueIdentifier>{bb6c862e-70e9-49d9-81b7-3829a6f50471}</UniqueIdentifier>
    </Filter>
    <Filter Include="resource\BossCharacter">
      <UniqueIdentifier>{b9a0f478-5ef9-4b2e-88c1-548bfbe74776}</UniqueIdentifier>
    </Filter>
    <Filter Include="resource\PlayerCharacter">
      <UniqueIdentifier>{61450b98-fc5f-4b9a-a2be-563d6af549d7}</UniqueIdentifier>
    </Filter>
    <Filter Include="resource\BackGround">
      <UniqueIdentifier>{f954bcd4-9515-400b-923d-046927e17526}</UniqueIdentifier>
    </Filter>
    <Filter Include="resource\UI">
      <UniqueIdentifier>{509c5979-b746-44e8-80a2-502eac6cd970}</UniqueIdentifier>
    </Filter>
    <Filter Include="resource\FakeImg">
      <UniqueIdentifier>{981c33f0-d4a1-4b76-901c-db87dfc26a9c}</UniqueIdentifier>
    </Filter>
    <Filter Include="resource\UI\MainScene">
      <UniqueIdentifier>{b340c2ff-d94c-4268-9bc6-070be8288674}</UniqueIdentifier>
    </Filter>
    <Filter Include="resource\UI\Common">
      <UniqueIdentifier>{9ac48b1f-fa67-40d7-804f-c22fb925d0c4}</UniqueIdentifier>
    </Filter>
    <Filter Include="resource\UI\BattleScene">
      <UniqueIdentifier>{0cc78799-2e84-4d5d-8b3c-b3e6aef6ef83}</UniqueIdentifier>
    </Filter>
    <Filter Include="src\Scenes">
      <UniqueIdentifier>{87b81059-a9d3-4822-8287-3b8fa1145529}</UniqueIdentifier>
    </Filter>
    <Filter Include="src\Scenes\ResultSceneLayer">
      <UniqueIdentifier>{46b316db-111a-4e81-acdc-13b8827bb48d}</UniqueIdentifier>
    </Filter>
    <Filter Include="src\Scenes\MainScene">
      <UniqueIdentifier>{ff5bf2d3-cbe3-48cf-ae72-8206938a6e63}</UniqueIdentifier>
    </Filter>
    <Filter Include="src\Scenes\MainScene\MainSceneLayer">
      <UniqueIdentifier>{45c3e63c-cbd8-490d-862b-79aef4935556}</UniqueIdentifier>
    </Filter>
    <Filter Include="src\Scenes\ResultScene">
      <UniqueIdentifier>{1978edec-6be0-4f75-a65e-0583be42cacf}</UniqueIdentifier>
    </Filter>
    <Filter Include="src\Scenes\BattleScene">
      <UniqueIdentifier>{848e8069-0ea7-4393-93b6-43c602840879}</UniqueIdentifier>
    </Filter>
    <Filter Include="src\Scenes\BattleScene\BattleSceneLayers">
      <UniqueIdentifier>{00e34368-b947-4f80-94fe-266b9fcadac8}</UniqueIdentifier>
    </Filter>
    <Filter Include="src\Manager">
      <UniqueIdentifier>{841f1b2c-246f-41a9-af73-df4ce04f1943}</UniqueIdentifier>
    </Filter>
    <Filter Include="src\Manager\BattleManager">
      <UniqueIdentifier>{759c2fbd-920c-459d-bbb8-8960f12a87b9}</UniqueIdentifier>
    </Filter>
    <Filter Include="src\Manager\BattleManager\UIManager">
      <UniqueIdentifier>{7855e0c7-5e44-46b9-9417-2f336442f136}</UniqueIdentifier>
    </Filter>
    <Filter Include="src\Manager\BattleManager\FieldManager">
      <UniqueIdentifier>{0ec57c92-88c3-4ba5-b123-f332c6ac8a66}</UniqueIdentifier>
    </Filter>
    <Filter Include="src\Network">
      <UniqueIdentifier>{32b8772e-dcef-4dfa-89e5-03303cdd3ec0}</UniqueIdentifier>
    </Filter>
    <Filter Include="resource\SoundEffect">
      <UniqueIdentifier>{db522d8f-92f5-416a-885e-95301c7c6ee9}</UniqueIdentifier>
    </Filter>
    <Filter Include="resource\SoundBG">
      <UniqueIdentifier>{ee70b131-a45e-42bd-acf4-5a0bb167069c}</UniqueIdentifier>
    </Filter>
    <Filter Include="src\Manager\BattleManager\FieldManager\Characters">
      <UniqueIdentifier>{485414b4-2a5f-4f0e-b2da-1c32b9a14d84}</UniqueIdentifier>
    </Filter>
  </ItemGroup>
  <ItemGroup>
    <ClCompile Include="main.cpp">
      <Filter>win32</Filter>
    </ClCompile>
    <ClCompile Include="..\Classes\AppDelegate.cpp">
      <Filter>src</Filter>
    </ClCompile>
    <ClCompile Include="..\Classes\BackGroundLayer.cpp">
      <Filter>src\Scenes\MainScene\MainSceneLayer</Filter>
    </ClCompile>
    <ClCompile Include="..\Classes\MainUILayer.cpp">
      <Filter>src\Scenes\MainScene\MainSceneLayer</Filter>
    </ClCompile>
    <ClCompile Include="..\Classes\GameManager.cpp">
      <Filter>src\Manager</Filter>
    </ClCompile>
    <ClCompile Include="..\Classes\BattleManager.cpp">
      <Filter>src\Manager\BattleManager</Filter>
    </ClCompile>
    <ClCompile Include="..\Classes\FieldManager.cpp">
      <Filter>src\Manager\BattleManager\FieldManager</Filter>
    </ClCompile>
    <ClCompile Include="..\Classes\UIManager.cpp">
      <Filter>src\Manager\BattleManager\UIManager</Filter>
    </ClCompile>
    <ClCompile Include="..\Classes\BattleScene.cpp">
      <Filter>src\Scenes\BattleScene</Filter>
    </ClCompile>
    <ClCompile Include="..\Classes\UIStick.cpp">
      <Filter>src\Manager\BattleManager\UIManager</Filter>
    </ClCompile>
    <ClCompile Include="..\Classes\UIFire.cpp">
      <Filter>src\Manager\BattleManager\UIManager</Filter>
    </ClCompile>
    <ClCompile Include="..\Classes\Monster.cpp">
      <Filter>src\Manager\BattleManager\FieldManager\Characters</Filter>
    </ClCompile>
    <ClCompile Include="..\Classes\Player.cpp">
      <Filter>src\Manager\BattleManager\FieldManager\Characters</Filter>
    </ClCompile>
    <ClCompile Include="..\Classes\MainScene.cpp">
      <Filter>src\Scenes\MainScene</Filter>
    </ClCompile>
    <ClCompile Include="..\Classes\ResultScene.cpp">
      <Filter>src\Scenes\ResultScene</Filter>
    </ClCompile>
    <ClCompile Include="..\Classes\UILayer.cpp">
      <Filter>src\Scenes\BattleScene\BattleSceneLayers</Filter>
    </ClCompile>
    <ClCompile Include="..\Classes\FieldLayer.cpp">
      <Filter>src\Scenes\BattleScene\BattleSceneLayers</Filter>
    </ClCompile>
    <ClCompile Include="..\Classes\CharacterLayer.cpp">
      <Filter>src\Scenes\BattleScene\BattleSceneLayers</Filter>
    </ClCompile>
  </ItemGroup>
  <ItemGroup>
    <ClInclude Include="main.h">
      <Filter>win32</Filter>
    </ClInclude>
    <ClInclude Include="..\Classes\AppDelegate.h">
      <Filter>src</Filter>
    </ClInclude>
    <ClInclude Include="..\Classes\BackGroundLayer.h">
      <Filter>src\Scenes\MainScene\MainSceneLayer</Filter>
    </ClInclude>
    <ClInclude Include="..\Classes\MainUILayer.h">
      <Filter>src\Scenes\MainScene\MainSceneLayer</Filter>
    </ClInclude>
    <ClInclude Include="..\Classes\GameManager.h">
      <Filter>src\Manager</Filter>
    </ClInclude>
    <ClInclude Include="..\Classes\TypeGameData.h">
      <Filter>src\Manager</Filter>
    </ClInclude>
    <ClInclude Include="..\Classes\BattleManager.h">
      <Filter>src\Manager\BattleManager</Filter>
    </ClInclude>
    <ClInclude Include="..\Classes\UIFire.h">
      <Filter>src\Manager\BattleManager\UIManager</Filter>
    </ClInclude>
    <ClInclude Include="..\Classes\UIStick.h">
      <Filter>src\Manager\BattleManager\UIManager</Filter>
    </ClInclude>
    <ClInclude Include="..\Classes\UIManager.h">
      <Filter>src\Manager\BattleManager\UIManager</Filter>
    </ClInclude>
    <ClInclude Include="..\Classes\BattleScene.h">
      <Filter>src\Scenes\BattleScene</Filter>
    </ClInclude>
    <ClInclude Include="..\Classes\Player.h">
      <Filter>src\Manager\BattleManager\FieldManager\Characters</Filter>
    </ClInclude>
    <ClInclude Include="..\Classes\Monster.h">
      <Filter>src\Manager\BattleManager\FieldManager\Characters</Filter>
    </ClInclude>
    <ClInclude Include="..\Classes\MainScene.h">
      <Filter>src\Scenes\MainScene</Filter>
    </ClInclude>
    <ClInclude Include="..\Classes\ResultScene.h">
      <Filter>src\Scenes\ResultScene</Filter>
    </ClInclude>
    <ClInclude Include="..\Classes\UILayer.h">
      <Filter>src\Scenes\BattleScene\BattleSceneLayers</Filter>
    </ClInclude>
    <ClInclude Include="..\Classes\FieldManager.h">
      <Filter>src\Manager\BattleManager\FieldManager</Filter>
    </ClInclude>
    <ClInclude Include="..\Classes\FieldLayer.h">
      <Filter>src\Scenes\BattleScene\BattleSceneLayers</Filter>
    </ClInclude>
    <ClInclude Include="..\Classes\CharacterLayer.h">
      <Filter>src\Scenes\BattleScene\BattleSceneLayers</Filter>
    </ClInclude>
  </ItemGroup>
  <ItemGroup>
    <ResourceCompile Include="game.rc">
      <Filter>resource</Filter>
    </ResourceCompile>
  </ItemGroup>
  <ItemGroup>
    <Image Include="..\Resources\img\mainsceneBG.png">
      <Filter>resource\BackGround</Filter>
    </Image>
    <Image Include="..\Resources\img\swordmanStand.png">
      <Filter>resource\PlayerCharacter</Filter>
    </Image>
    <Image Include="..\Resources\img\tree.png">
      <Filter>resource\FakeImg</Filter>
    </Image>
    <Image Include="..\Resources\CloseNormal.png">
      <Filter>resource\FakeImg</Filter>
    </Image>
    <Image Include="..\Resources\CloseSelected.png">
      <Filter>resource\FakeImg</Filter>
    </Image>
    <Image Include="..\Resources\img\xmainsceneBG.jpg">
      <Filter>resource\FakeImg</Filter>
    </Image>
    <Image Include="..\Resources\img\behimoth.png">
      <Filter>resource\BossCharacter</Filter>
    </Image>
    <Image Include="..\Resources\img\Leviathan.png">
      <Filter>resource\BossCharacter</Filter>
    </Image>
    <Image Include="..\Resources\img\radragon.png">
      <Filter>resource\BossCharacter</Filter>
    </Image>
    <Image Include="..\Resources\img\okbutton.png">
      <Filter>resource\UI\Common</Filter>
    </Image>
    <Image Include="..\Resources\img\CharacterSelectBoard.png">
      <Filter>resource\UI\MainScene</Filter>
    </Image>
    <Image Include="..\Resources\img\selectCharacter_Logo.png">
      <Filter>resource\UI\MainScene</Filter>
    </Image>
    <Image Include="..\Resources\img\selectedFrame.png">
      <Filter>resource\UI\MainScene</Filter>
    </Image>
    <Image Include="..\Resources\img\selectMonster_Logo.png">
      <Filter>resource\UI\MainScene</Filter>
    </Image>
    <Image Include="..\Resources\img\selectMonsterFrame.png">
      <Filter>resource\UI\MainScene</Filter>
    </Image>
    <Image Include="..\Resources\img\TabToStart.png">
      <Filter>resource\UI\MainScene</Filter>
    </Image>
    <Image Include="..\Resources\img\titleLogo.png">
      <Filter>resource\UI\Common</Filter>
    </Image>
    <Image Include="..\Resources\img\UI_Fire.png">
      <Filter>resource\UI\BattleScene</Filter>
    </Image>
    <Image Include="..\Resources\img\UI_Fire_BG.png">
      <Filter>resource\UI\BattleScene</Filter>
    </Image>
    <Image Include="..\Resources\img\UI_MonsterHP.png">
      <Filter>resource\UI\BattleScene</Filter>
    </Image>
    <Image Include="..\Resources\img\UI_PlayerFace.png">
      <Filter>resource\UI\BattleScene</Filter>
    </Image>
    <Image Include="..\Resources\img\UI_PlayerHP.png">
      <Filter>resource\UI\BattleScene</Filter>
    </Image>
    <Image Include="..\Resources\img\UI_RDFace.png">
      <Filter>resource\UI\BattleScene</Filter>
    </Image>
    <Image Include="..\Resources\img\UI_Stick.png">
      <Filter>resource\UI\BattleScene</Filter>
    </Image>
    <Image Include="..\Resources\img\UI_Stick_BG.png">
      <Filter>resource\UI\BattleScene</Filter>
    </Image>
  </ItemGroup>
  <ItemGroup>
    <Media Include="..\Resources\soundEffect\SEmenuSelect.mp3">
      <Filter>resource\SoundEffect</Filter>
    </Media>
    <Media Include="..\Resources\soundBG\Neo_Space.mp3">
      <Filter>resource\SoundBG</Filter>
    </Media>
    <Media Include="..\Resources\soundBG\Another_time.mp3">
      <Filter>resource\SoundBG</Filter>
    </Media>
    <Media Include="..\Resources\soundBG\Destruction.mp3">
      <Filter>resource\SoundBG</Filter>
    </Media>
  </ItemGroup>
</Project>